
Microsoft Visual Studio Solution File, Format Version 12.00
# Visual Studio Version 16
VisualStudioVersion = 16.0.30804.86
MinimumVisualStudioVersion = 10.0.40219.1
Project("{8BC9CEB8-8B4A-11D0-8D11-00A0C91BC942}") = "ColonCaseGame", "ColonCaseGame\ColonCaseGame.vcxproj", "{5488ACD6-CD6D-4575-B40D-FC0FB97961FC}"
EndProject
Global
	GlobalSection(SolutionConfigurationPlatforms) = preSolution
		Debug|x64 = Debug|x64
		Debug|x86 = Debug|x86
		Release|x64 = Release|x64
		Release|x86 = Release|x86
	EndGlobalSection
	GlobalSection(ProjectConfigurationPlatforms) = postSolution
		{5488ACD6-CD6D-4575-B40D-FC0FB97961FC}.Debug|x64.ActiveCfg = Debug|x64
		{5488ACD6-CD6D-4575-B40D-FC0FB97961FC}.Debug|x64.Build.0 = Debug|x64
		{5488ACD6-CD6D-4575-B40D-FC0FB97961FC}.Debug|x86.ActiveCfg = Debug|Win32
		{5488ACD6-CD6D-4575-B40D-FC0FB97961FC}.Debug|x86.Build.0 = Debug|Win32
		{5488ACD6-CD6D-4575-B40D-FC0FB97961FC}.Release|x64.ActiveCfg = Release|x64
		{5488ACD6-CD6D-4575-B40D-FC0FB97961FC}.Release|x64.Build.0 = Release|x64
		{5488ACD6-CD6D-4575-B40D-FC0FB97961FC}.Release|x86.ActiveCfg = Release|Win32
		{5488ACD6-CD6D-4575-B40D-FC0FB97961FC}.Release|x86.Build.0 = Release|Win32
	EndGlobalSection
	GlobalSection(SolutionProperties) = preSolution
		HideSolutionNode = FALSE
	EndGlobalSection
	GlobalSection(ExtensibilityGlobals) = postSolution
		SolutionGuid = {92B52981-E15F-4C6F-A604-1C26772CC23A}
	EndGlobalSection
EndGlobal
