<?xml version="1.0" encoding="utf-8"?>
<Project ToolsVersion="4.0" xmlns="http://schemas.microsoft.com/developer/msbuild/2003">
  <ItemGroup>
    <Filter Include="Source Files">
      <UniqueIdentifier>{4FC737F1-C7A5-4376-A066-2A32D752A2FF}</UniqueIdentifier>
      <Extensions>cpp;c;cc;cxx;c++;cppm;ixx;def;odl;idl;hpj;bat;asm;asmx</Extensions>
    </Filter>
    <Filter Include="Header Files">
      <UniqueIdentifier>{93995380-89BD-4b04-88EB-625FBE52EBFB}</UniqueIdentifier>
      <Extensions>h;hh;hpp;hxx;h++;hm;inl;inc;ipp;xsd</Extensions>
    </Filter>
    <Filter Include="Resource Files">
      <UniqueIdentifier>{67DA6AB6-F800-4c08-8B7A-83BB121AAD01}</UniqueIdentifier>
      <Extensions>rc;ico;cur;bmp;dlg;rc2;rct;bin;rgs;gif;jpg;jpeg;jpe;resx;tiff;tif;png;wav;mfcribbon-ms</Extensions>
    </Filter>
  </ItemGroup>
  <ItemGroup>
    <ClInclude Include="..\ColonCaseGame\src\main\level-data\r3-colonCase-levelDefn.hpp">
      <Filter>Header Files</Filter>
    </ClInclude>
    <ClInclude Include="..\ColonCaseGame\src\main\level-data\r3-colonCase-GameMap.hpp">
      <Filter>Header Files</Filter>
    </ClInclude>
    <ClInclude Include="..\ColonCaseGame\src\test\level-data\r3-colonCase-GameMapTests.hpp">
      <Filter>Header Files</Filter>
    </ClInclude>
    <ClInclude Include="..\ColonCaseGame\src\main\level-data\r3-colonCase-AssetManager.hpp">
      <Filter>Header Files</Filter>
    </ClInclude>
    <ClInclude Include="..\ColonCaseGame\src\main\level-data\r3-colonCase-JsonGameLoader.hpp">
      <Filter>Header Files</Filter>
    </ClInclude>
    <ClInclude Include="..\ColonCaseGame\src\main\tiled\r3-tiled-defn.hpp">
      <Filter>Header Files</Filter>
    </ClInclude>
    <ClInclude Include="..\ColonCaseGame\src\main\tiled\r3-tiled-JsonLoader.hpp">
      <Filter>Header Files</Filter>
    </ClInclude>
    <ClInclude Include="..\ColonCaseGame\src\main\json\r3-jsoncpp-utils.hpp">
      <Filter>Header Files</Filter>
    </ClInclude>
    <ClInclude Include="..\ColonCaseGame\src\main\validation\r3-validation-utils.hpp">
      <Filter>Header Files</Filter>
    </ClInclude>
  </ItemGroup>
  <ItemGroup>
    <ClCompile Include="..\ColonCaseGame\src\main\level-data\r3-colonCase-GameMap.cpp">
      <Filter>Source Files</Filter>
    </ClCompile>
    <ClCompile Include="..\ColonCaseGame\src\main\level-data\r3-colonCase-GameMapLayer.cpp">
      <Filter>Source Files</Filter>
    </ClCompile>
    <ClCompile Include="..\ColonCaseGame\src\main\level-data\r3-colonCase-GameSpriteImage.cpp">
      <Filter>Source Files</Filter>
    </ClCompile>
    <ClCompile Include="..\ColonCaseGame\src\main\level-data\r3-colonCase-GameSpriteTile.cpp">
      <Filter>Source Files</Filter>
    </ClCompile>
    <ClCompile Include="..\ColonCaseGame\src\main\level-data\r3-colonCase-GameMapSprite.cpp">
      <Filter>Source Files</Filter>
    </ClCompile>
    <ClCompile Include="..\ColonCaseGame\src\test\level-data\r3-colonCase-LevelAsset-main-test.cpp">
      <Filter>Source Files</Filter>
    </ClCompile>
    <ClCompile Include="..\ColonCaseGame\src\test\level-data\r3-colonCase-GameMapTests.cpp">
      <Filter>Source Files</Filter>
    </ClCompile>
    <ClCompile Include="..\ColonCaseGame\src\main\level-data\r3-colonCase-AssetLoadingTracker.cpp">
      <Filter>Source Files</Filter>
    </ClCompile>
    <ClCompile Include="..\ColonCaseGame\src\main\level-data\r3-colonCase-AssetManager.cpp">
      <Filter>Source Files</Filter>
    </ClCompile>
    <ClCompile Include="..\ColonCaseGame\src\main\level-data\r3-colonCase-GameLoaderUtils.cpp">
      <Filter>Source Files</Filter>
    </ClCompile>
    <ClCompile Include="..\ColonCaseGame\src\main\level-data\r3-colonCase-JsonGameMapLoader.cpp">
      <Filter>Source Files</Filter>
    </ClCompile>
    <ClCompile Include="..\ColonCaseGame\src\main\tiled\r3-tiled-CustomPropertyDefnUtils.cpp">
      <Filter>Source Files</Filter>
    </ClCompile>
    <ClCompile Include="..\ColonCaseGame\src\main\tiled\r3-tiled-MapLayerObjectTypeUtils.cpp">
      <Filter>Source Files</Filter>
    </ClCompile>
    <ClCompile Include="..\ColonCaseGame\src\main\tiled\r3-tiled-JsonCustomPropertyLoader.cpp">
      <Filter>Source Files</Filter>
    </ClCompile>
    <ClCompile Include="..\ColonCaseGame\src\main\tiled\r3-tiled-JsonTilesetImageLoader.cpp">
      <Filter>Source Files</Filter>
    </ClCompile>
    <ClCompile Include="..\ColonCaseGame\src\main\tiled\r3-tiled-JsonTilesetTileLoader.cpp">
      <Filter>Source Files</Filter>
    </ClCompile>
    <ClCompile Include="..\ColonCaseGame\src\main\tiled\r3-tiled-JsonTilesetLoader.cpp">
      <Filter>Source Files</Filter>
    </ClCompile>
    <ClCompile Include="..\ColonCaseGame\src\main\tiled\r3-tiled-JsonMapLayerObjectPointLoader.cpp">
      <Filter>Source Files</Filter>
    </ClCompile>
    <ClCompile Include="..\ColonCaseGame\src\main\tiled\r3-tiled-JsonMapLayerObjectLoader.cpp">
      <Filter>Source Files</Filter>
    </ClCompile>
    <ClCompile Include="..\ColonCaseGame\src\main\tiled\r3-tiled-JsonMapLayerLoader.cpp">
      <Filter>Source Files</Filter>
    </ClCompile>
    <ClCompile Include="..\ColonCaseGame\src\main\tiled\r3-tiled-JsonMapTilesetLoader.cpp">
      <Filter>Source Files</Filter>
    </ClCompile>
    <ClCompile Include="..\ColonCaseGame\src\main\tiled\r3-tiled-JsonMapLoader.cpp">
      <Filter>Source Files</Filter>
    </ClCompile>
    <ClCompile Include="..\ColonCaseGame\src\main\json\r3-jsoncpp-JsonValidationUtils.cpp">
      <Filter>Source Files</Filter>
    </ClCompile>
    <ClCompile Include="..\ColonCaseGame\src\main\json\r3-jsoncpp-JsonLoaderUtils.cpp">
      <Filter>Source Files</Filter>
    </ClCompile>
    <ClCompile Include="..\ColonCaseGame\src\main\validation\r3-validation-IntRange.cpp">
      <Filter>Source Files</Filter>
    </ClCompile>
    <ClCompile Include="..\ColonCaseGame\src\main\tiled\r3-tiled-JsonLoader.cpp">
      <Filter>Source Files</Filter>
    </ClCompile>
  </ItemGroup>
</Project>